
Microsoft Visual Studio Solution File, Format Version 12.00
# Visual Studio Version 17
VisualStudioVersion = 17.10.35013.160
MinimumVisualStudioVersion = 10.0.40219.1
Project("{9A19103F-16F7-4668-BE54-9A1E7A4F7556}") = "StoreApiProject", "StoreApiProject\StoreApiProject.csproj", "{0942F001-DF15-44D7-B0C0-77BD8FA39341}"
EndProject
Project("{FAE04EC0-301F-11D3-BF4B-00C04F79EFBC}") = "StoreApiProject.BLL", "StoreApiProject.BLL\StoreApiProject.BLL.csproj", "{CE29BA8B-95FA-43E6-A6F5-98A671C86177}"
EndProject
Project("{FAE04EC0-301F-11D3-BF4B-00C04F79EFBC}") = "StoreApiProject.DAL", "StoreApiProject.DAL\StoreApiProject.DAL.csproj", "{52A5870A-7306-421E-84BA-07C93D615D7D}"
EndProject
Project("{FAE04EC0-301F-11D3-BF4B-00C04F79EFBC}") = "StoreApiProject.Domain", "StoreApiProject.Domain\StoreApiProject.Domain.csproj", "{6DF33529-AD27-4935-B91C-29FCFCC77621}"
EndProject
Global
	GlobalSection(SolutionConfigurationPlatforms) = preSolution
		Debug|Any CPU = Debug|Any CPU
		Release|Any CPU = Release|Any CPU
	EndGlobalSection
	GlobalSection(ProjectConfigurationPlatforms) = postSolution
		{0942F001-DF15-44D7-B0C0-77BD8FA39341}.Debug|Any CPU.ActiveCfg = Debug|Any CPU
		{0942F001-DF15-44D7-B0C0-77BD8FA39341}.Debug|Any CPU.Build.0 = Debug|Any CPU
		{0942F001-DF15-44D7-B0C0-77BD8FA39341}.Release|Any CPU.ActiveCfg = Release|Any CPU
		{0942F001-DF15-44D7-B0C0-77BD8FA39341}.Release|Any CPU.Build.0 = Release|Any CPU
		{CE29BA8B-95FA-43E6-A6F5-98A671C86177}.Debug|Any CPU.ActiveCfg = Debug|Any CPU
		{CE29BA8B-95FA-43E6-A6F5-98A671C86177}.Debug|Any CPU.Build.0 = Debug|Any CPU
		{CE29BA8B-95FA-43E6-A6F5-98A671C86177}.Release|Any CPU.ActiveCfg = Release|Any CPU
		{CE29BA8B-95FA-43E6-A6F5-98A671C86177}.Release|Any CPU.Build.0 = Release|Any CPU
		{52A5870A-7306-421E-84BA-07C93D615D7D}.Debug|Any CPU.ActiveCfg = Debug|Any CPU
		{52A5870A-7306-421E-84BA-07C93D615D7D}.Debug|Any CPU.Build.0 = Debug|Any CPU
		{52A5870A-7306-421E-84BA-07C93D615D7D}.Release|Any CPU.ActiveCfg = Release|Any CPU
		{52A5870A-7306-421E-84BA-07C93D615D7D}.Release|Any CPU.Build.0 = Release|Any CPU
		{6DF33529-AD27-4935-B91C-29FCFCC77621}.Debug|Any CPU.ActiveCfg = Debug|Any CPU
		{6DF33529-AD27-4935-B91C-29FCFCC77621}.Debug|Any CPU.Build.0 = Debug|Any CPU
		{6DF33529-AD27-4935-B91C-29FCFCC77621}.Release|Any CPU.ActiveCfg = Release|Any CPU
		{6DF33529-AD27-4935-B91C-29FCFCC77621}.Release|Any CPU.Build.0 = Release|Any CPU
	EndGlobalSection
	GlobalSection(SolutionProperties) = preSolution
		HideSolutionNode = FALSE
	EndGlobalSection
	GlobalSection(ExtensibilityGlobals) = postSolution
		SolutionGuid = {D6645872-94A7-4B0F-9716-77A08184C5E9}
	EndGlobalSection
EndGlobal
